{
  "name": "zjevents",
  "version": "1.0.0",
  "lockfileVersion": 2,
  "requires": true,
  "packages": {
    "": {
      "name": "zjevents",
      "version": "1.0.0",
      "license": "MIT",
      "dependencies": {
        "timers": "^0.1.1"
      }
    },
    "node_modules/timers": {
      "version": "0.1.1",
      "resolved": "https://registry.npmjs.org/timers/-/timers-0.1.1.tgz",
      "integrity": "sha1-hqxceMHuQZaU81pY3k/UGDz7nB4="
    }
  },
  "dependencies": {
    "timers": {
      "version": "0.1.1",
      "resolved": "https://registry.npmjs.org/timers/-/timers-0.1.1.tgz",
      "integrity": "sha1-hqxceMHuQZaU81pY3k/UGDz7nB4="
    }
  }
}
